// !$*UTF8*$!
{
	archiveVersion = 1;
	classes = {
	};
	objectVersion = 50;
	objects = {

/* Begin PBXBuildFile section */
		23EB23F32614EE8F00C96689 /* AppDelegate.swift in Sources */ = {isa = PBXBuildFile; fileRef = 23EB23F22614EE8F00C96689 /* AppDelegate.swift */; };
		23EB23F52614EE8F00C96689 /* SceneDelegate.swift in Sources */ = {isa = PBXBuildFile; fileRef = 23EB23F42614EE8F00C96689 /* SceneDelegate.swift */; };
		23EB23F72614EE8F00C96689 /* ViewController.swift in Sources */ = {isa = PBXBuildFile; fileRef = 23EB23F62614EE8F00C96689 /* ViewController.swift */; };
		23EB23FA2614EE8F00C96689 /* Main.storyboard in Resources */ = {isa = PBXBuildFile; fileRef = 23EB23F82614EE8F00C96689 /* Main.storyboard */; };
		23EB23FC2614EE9100C96689 /* Assets.xcassets in Resources */ = {isa = PBXBuildFile; fileRef = 23EB23FB2614EE9100C96689 /* Assets.xcassets */; };
		23EB23FF2614EE9100C96689 /* LaunchScreen.storyboard in Resources */ = {isa = PBXBuildFile; fileRef = 23EB23FD2614EE9100C96689 /* LaunchScreen.storyboard */; };
		23EB240A2614EE9100C96689 /* PDFScannerTests.swift in Sources */ = {isa = PBXBuildFile; fileRef = 23EB24092614EE9100C96689 /* PDFScannerTests.swift */; };
		23EB24152614EE9100C96689 /* PDFScannerUITests.swift in Sources */ = {isa = PBXBuildFile; fileRef = 23EB24142614EE9100C96689 /* PDFScannerUITests.swift */; };
/* End PBXBuildFile section */

/* Begin PBXContainerItemProxy section */
		23EB24062614EE9100C96689 /* PBXContainerItemProxy */ = {
			isa = PBXContainerItemProxy;
			containerPortal = 23EB23E72614EE8F00C96689 /* Project object */;
			proxyType = 1;
			remoteGlobalIDString = 23EB23EE2614EE8F00C96689;
			remoteInfo = PDFScanner;
		};
		23EB24112614EE9100C96689 /* PBXContainerItemProxy */ = {
			isa = PBXContainerItemProxy;
			containerPortal = 23EB23E72614EE8F00C96689 /* Project object */;
			proxyType = 1;
			remoteGlobalIDString = 23EB23EE2614EE8F00C96689;
			remoteInfo = PDFScanner;
		};
/* End PBXContainerItemProxy section */

/* Begin PBXFileReference section */
		23EB23EF2614EE8F00C96689 /* PDFScanner.app */ = {isa = PBXFileReference; explicitFileType = wrapper.application; includeInIndex = 0; path = PDFScanner.app; sourceTree = BUILT_PRODUCTS_DIR; };
		23EB23F22614EE8F00C96689 /* AppDelegate.swift */ = {isa = PBXFileReference; lastKnownFileType = sourcecode.swift; path = AppDelegate.swift; sourceTree = "<group>"; };
		23EB23F42614EE8F00C96689 /* SceneDelegate.swift */ = {isa = PBXFileReference; lastKnownFileType = sourcecode.swift; path = SceneDelegate.swift; sourceTree = "<group>"; };
		23EB23F62614EE8F00C96689 /* ViewController.swift */ = {isa = PBXFileReference; lastKnownFileType = sourcecode.swift; path = ViewController.swift; sourceTree = "<group>"; };
		23EB23F92614EE8F00C96689 /* Base */ = {isa = PBXFileReference; lastKnownFileType = file.storyboard; name = Base; path = Base.lproj/Main.storyboard; sourceTree = "<group>"; };
		23EB23FB2614EE9100C96689 /* Assets.xcassets */ = {isa = PBXFileReference; lastKnownFileType = folder.assetcatalog; path = Assets.xcassets; sourceTree = "<group>"; };
		23EB23FE2614EE9100C96689 /* Base */ = {isa = PBXFileReference; lastKnownFileType = file.storyboard; name = Base; path = Base.lproj/LaunchScreen.storyboard; sourceTree = "<group>"; };
		23EB24002614EE9100C96689 /* Info.plist */ = {isa = PBXFileReference; lastKnownFileType = text.plist.xml; path = Info.plist; sourceTree = "<group>"; };
		23EB24052614EE9100C96689 /* PDFScannerTests.xctest */ = {isa = PBXFileReference; explicitFileType = wrapper.cfbundle; includeInIndex = 0; path = PDFScannerTests.xctest; sourceTree = BUILT_PRODUCTS_DIR; };
		23EB24092614EE9100C96689 /* PDFScannerTests.swift */ = {isa = PBXFileReference; lastKnownFileType = sourcecode.swift; path = PDFScannerTests.swift; sourceTree = "<group>"; };
		23EB240B2614EE9100C96689 /* Info.plist */ = {isa = PBXFileReference; lastKnownFileType = text.plist.xml; path = Info.plist; sourceTree = "<group>"; };
		23EB24102614EE9100C96689 /* PDFScannerUITests.xctest */ = {isa = PBXFileReference; explicitFileType = wrapper.cfbundle; includeInIndex = 0; path = PDFScannerUITests.xctest; sourceTree = BUILT_PRODUCTS_DIR; };
		23EB24142614EE9100C96689 /* PDFScannerUITests.swift */ = {isa = PBXFileReference; lastKnownFileType = sourcecode.swift; path = PDFScannerUITests.swift; sourceTree = "<group>"; };
		23EB24162614EE9100C96689 /* Info.plist */ = {isa = PBXFileReference; lastKnownFileType = text.plist.xml; path = Info.plist; sourceTree = "<group>"; };
/* End PBXFileReference section */

/* Begin PBXFrameworksBuildPhase section */
		23EB23EC2614EE8F00C96689 /* Frameworks */ = {
			isa = PBXFrameworksBuildPhase;
			buildActionMask = 2147483647;
			files = (
			);
			runOnlyForDeploymentPostprocessing = 0;
		};
		23EB24022614EE9100C96689 /* Frameworks */ = {
			isa = PBXFrameworksBuildPhase;
			buildActionMask = 2147483647;
			files = (
			);
			runOnlyForDeploymentPostprocessing = 0;
		};
		23EB240D2614EE9100C96689 /* Frameworks */ = {
			isa = PBXFrameworksBuildPhase;
			buildActionMask = 2147483647;
			files = (
			);
			runOnlyForDeploymentPostprocessing = 0;
		};
/* End PBXFrameworksBuildPhase section */

/* Begin PBXGroup section */
		23EB23E62614EE8F00C96689 = {
			isa = PBXGroup;
			children = (
				23EB23F12614EE8F00C96689 /* PDFScanner */,
				23EB24082614EE9100C96689 /* PDFScannerTests */,
				23EB24132614EE9100C96689 /* PDFScannerUITests */,
				23EB23F02614EE8F00C96689 /* Products */,
			);
			sourceTree = "<group>";
		};
		23EB23F02614EE8F00C96689 /* Products */ = {
			isa = PBXGroup;
			children = (
				23EB23EF2614EE8F00C96689 /* PDFScanner.app */,
				23EB24052614EE9100C96689 /* PDFScannerTests.xctest */,
				23EB24102614EE9100C96689 /* PDFScannerUITests.xctest */,
			);
			name = Products;
			sourceTree = "<group>";
		};
		23EB23F12614EE8F00C96689 /* PDFScanner */ = {
			isa = PBXGroup;
			children = (
				23EB23F22614EE8F00C96689 /* AppDelegate.swift */,
				23EB23F42614EE8F00C96689 /* SceneDelegate.swift */,
				23EB23F62614EE8F00C96689 /* ViewController.swift */,
				23EB23F82614EE8F00C96689 /* Main.storyboard */,
				23EB23FB2614EE9100C96689 /* Assets.xcassets */,
				23EB23FD2614EE9100C96689 /* LaunchScreen.storyboard */,
				23EB24002614EE9100C96689 /* Info.plist */,
			);
			path = PDFScanner;
			sourceTree = "<group>";
		};
		23EB24082614EE9100C96689 /* PDFScannerTests */ = {
			isa = PBXGroup;
			children = (
				23EB24092614EE9100C96689 /* PDFScannerTests.swift */,
				23EB240B2614EE9100C96689 /* Info.plist */,
			);
			path = PDFScannerTests;
			sourceTree = "<group>";
		};
		23EB24132614EE9100C96689 /* PDFScannerUITests */ = {
			isa = PBXGroup;
			children = (
				23EB24142614EE9100C96689 /* PDFScannerUITests.swift */,
				23EB24162614EE9100C96689 /* Info.plist */,
			);
			path = PDFScannerUITests;
			sourceTree = "<group>";
		};
/* End PBXGroup section */

/* Begin PBXNativeTarget section */
		23EB23EE2614EE8F00C96689 /* PDFScanner */ = {
			isa = PBXNativeTarget;
			buildConfigurationList = 23EB24192614EE9100C96689 /* Build configuration list for PBXNativeTarget "PDFScanner" */;
			buildPhases = (
				23EB23EB2614EE8F00C96689 /* Sources */,
				23EB23EC2614EE8F00C96689 /* Frameworks */,
				23EB23ED2614EE8F00C96689 /* Resources */,
			);
			buildRules = (
			);
			dependencies = (
			);
			name = PDFScanner;
			productName = PDFScanner;
			productReference = 23EB23EF2614EE8F00C96689 /* PDFScanner.app */;
			productType = "com.apple.product-type.application";
		};
		23EB24042614EE9100C96689 /* PDFScannerTests */ = {
			isa = PBXNativeTarget;
			buildConfigurationList = 23EB241C2614EE9100C96689 /* Build configuration list for PBXNativeTarget "PDFScannerTests" */;
			buildPhases = (
				23EB24012614EE9100C96689 /* Sources */,
				23EB24022614EE9100C96689 /* Frameworks */,
				23EB24032614EE9100C96689 /* Resources */,
			);
			buildRules = (
			);
			dependencies = (
				23EB24072614EE9100C96689 /* PBXTargetDependency */,
			);
			name = PDFScannerTests;
			productName = PDFScannerTests;
			productReference = 23EB24052614EE9100C96689 /* PDFScannerTests.xctest */;
			productType = "com.apple.product-type.bundle.unit-test";
		};
		23EB240F2614EE9100C96689 /* PDFScannerUITests */ = {
			isa = PBXNativeTarget;
			buildConfigurationList = 23EB241F2614EE9100C96689 /* Build configuration list for PBXNativeTarget "PDFScannerUITests" */;
			buildPhases = (
				23EB240C2614EE9100C96689 /* Sources */,
				23EB240D2614EE9100C96689 /* Frameworks */,
				23EB240E2614EE9100C96689 /* Resources */,
			);
			buildRules = (
			);
			dependencies = (
				23EB24122614EE9100C96689 /* PBXTargetDependency */,
			);
			name = PDFScannerUITests;
			productName = PDFScannerUITests;
			productReference = 23EB24102614EE9100C96689 /* PDFScannerUITests.xctest */;
			productType = "com.apple.product-type.bundle.ui-testing";
		};
/* End PBXNativeTarget section */

/* Begin PBXProject section */
		23EB23E72614EE8F00C96689 /* Project object */ = {
			isa = PBXProject;
			attributes = {
				LastSwiftUpdateCheck = 1230;
				LastUpgradeCheck = 1230;
				TargetAttributes = {
					23EB23EE2614EE8F00C96689 = {
						CreatedOnToolsVersion = 12.3;
					};
					23EB24042614EE9100C96689 = {
						CreatedOnToolsVersion = 12.3;
						TestTargetID = 23EB23EE2614EE8F00C96689;
					};
					23EB240F2614EE9100C96689 = {
						CreatedOnToolsVersion = 12.3;
						TestTargetID = 23EB23EE2614EE8F00C96689;
					};
				};
			};
			buildConfigurationList = 23EB23EA2614EE8F00C96689 /* Build configuration list for PBXProject "PDFScanner" */;
			compatibilityVersion = "Xcode 9.3";
			developmentRegion = en;
			hasScannedForEncodings = 0;
			knownRegions = (
				en,
				Base,
			);
			mainGroup = 23EB23E62614EE8F00C96689;
			productRefGroup = 23EB23F02614EE8F00C96689 /* Products */;
			projectDirPath = "";
			projectRoot = "";
			targets = (
				23EB23EE2614EE8F00C96689 /* PDFScanner */,
				23EB24042614EE9100C96689 /* PDFScannerTests */,
				23EB240F2614EE9100C96689 /* PDFScannerUITests */,
			);
		};
/* End PBXProject section */

/* Begin PBXResourcesBuildPhase section */
		23EB23ED2614EE8F00C96689 /* Resources */ = {
			isa = PBXResourcesBuildPhase;
			buildActionMask = 2147483647;
			files = (
				23EB23FF2614EE9100C96689 /* LaunchScreen.storyboard in Resources */,
				23EB23FC2614EE9100C96689 /* Assets.xcassets in Resources */,
				23EB23FA2614EE8F00C96689 /* Main.storyboard in Resources */,
			);
			runOnlyForDeploymentPostprocessing = 0;
		};
		23EB24032614EE9100C96689 /* Resources */ = {
			isa = PBXResourcesBuildPhase;
			buildActionMask = 2147483647;
			files = (
			);
			runOnlyForDeploymentPostprocessing = 0;
		};
		23EB240E2614EE9100C96689 /* Resources */ = {
			isa = PBXResourcesBuildPhase;
			buildActionMask = 2147483647;
			files = (
			);
			runOnlyForDeploymentPostprocessing = 0;
		};
/* End PBXResourcesBuildPhase section */

/* Begin PBXSourcesBuildPhase section */
		23EB23EB2614EE8F00C96689 /* Sources */ = {
			isa = PBXSourcesBuildPhase;
			buildActionMask = 2147483647;
			files = (
				23EB23F72614EE8F00C96689 /* ViewController.swift in Sources */,
				23EB23F32614EE8F00C96689 /* AppDelegate.swift in Sources */,
				23EB23F52614EE8F00C96689 /* SceneDelegate.swift in Sources */,
			);
			runOnlyForDeploymentPostprocessing = 0;
		};
		23EB24012614EE9100C96689 /* Sources */ = {
			isa = PBXSourcesBuildPhase;
			buildActionMask = 2147483647;
			files = (
				23EB240A2614EE9100C96689 /* PDFScannerTests.swift in Sources */,
			);
			runOnlyForDeploymentPostprocessing = 0;
		};
		23EB240C2614EE9100C96689 /* Sources */ = {
			isa = PBXSourcesBuildPhase;
			buildActionMask = 2147483647;
			files = (
				23EB24152614EE9100C96689 /* PDFScannerUITests.swift in Sources */,
			);
			runOnlyForDeploymentPostprocessing = 0;
		};
/* End PBXSourcesBuildPhase section */

/* Begin PBXTargetDependency section */
		23EB24072614EE9100C96689 /* PBXTargetDependency */ = {
			isa = PBXTargetDependency;
			target = 23EB23EE2614EE8F00C96689 /* PDFScanner */;
			targetProxy = 23EB24062614EE9100C96689 /* PBXContainerItemProxy */;
		};
		23EB24122614EE9100C96689 /* PBXTargetDependency */ = {
			isa = PBXTargetDependency;
			target = 23EB23EE2614EE8F00C96689 /* PDFScanner */;
			targetProxy = 23EB24112614EE9100C96689 /* PBXContainerItemProxy */;
		};
/* End PBXTargetDependency section */

/* Begin PBXVariantGroup section */
		23EB23F82614EE8F00C96689 /* Main.storyboard */ = {
			isa = PBXVariantGroup;
			children = (
				23EB23F92614EE8F00C96689 /* Base */,
			);
			name = Main.storyboard;
			sourceTree = "<group>";
		};
		23EB23FD2614EE9100C96689 /* LaunchScreen.storyboard */ = {
			isa = PBXVariantGroup;
			children = (
				23EB23FE2614EE9100C96689 /* Base */,
			);
			name = LaunchScreen.storyboard;
			sourceTree = "<group>";
		};
/* End PBXVariantGroup section */

/* Begin XCBuildConfiguration section */
		23EB24172614EE9100C96689 /* Debug */ = {
			isa = XCBuildConfiguration;
			buildSettings = {
				ALWAYS_SEARCH_USER_PATHS = NO;
				CLANG_ANALYZER_NONNULL = YES;
				CLANG_ANALYZER_NUMBER_OBJECT_CONVERSION = YES_AGGRESSIVE;
				CLANG_CXX_LANGUAGE_STANDARD = "gnu++14";
				CLANG_CXX_LIBRARY = "libc++";
				CLANG_ENABLE_MODULES = YES;
				CLANG_ENABLE_OBJC_ARC = YES;
				CLANG_ENABLE_OBJC_WEAK = YES;
				CLANG_WARN_BLOCK_CAPTURE_AUTORELEASING = YES;
				CLANG_WARN_BOOL_CONVERSION = YES;
				CLANG_WARN_COMMA = YES;
				CLANG_WARN_CONSTANT_CONVERSION = YES;
				CLANG_WARN_DEPRECATED_OBJC_IMPLEMENTATIONS = YES;
				CLANG_WARN_DIRECT_OBJC_ISA_USAGE = YES_ERROR;
				CLANG_WARN_DOCUMENTATION_COMMENTS = YES;
				CLANG_WARN_EMPTY_BODY = YES;
				CLANG_WARN_ENUM_CONVERSION = YES;
				CLANG_WARN_INFINITE_RECURSION = YES;
				CLANG_WARN_INT_CONVERSION = YES;
				CLANG_WARN_NON_LITERAL_NULL_CONVERSION = YES;
				CLANG_WARN_OBJC_IMPLICIT_RETAIN_SELF = YES;
				CLANG_WARN_OBJC_LITERAL_CONVERSION = YES;
				CLANG_WARN_OBJC_ROOT_CLASS = YES_ERROR;
				CLANG_WARN_QUOTED_INCLUDE_IN_FRAMEWORK_HEADER = YES;
				CLANG_WARN_RANGE_LOOP_ANALYSIS = YES;
				CLANG_WARN_STRICT_PROTOTYPES = YES;
				CLANG_WARN_SUSPICIOUS_MOVE = YES;
				CLANG_WARN_UNGUARDED_AVAILABILITY = YES_AGGRESSIVE;
				CLANG_WARN_UNREACHABLE_CODE = YES;
				CLANG_WARN__DUPLICATE_METHOD_MATCH = YES;
				COPY_PHASE_STRIP = NO;
				DEBUG_INFORMATION_FORMAT = dwarf;
				ENABLE_STRICT_OBJC_MSGSEND = YES;
				ENABLE_TESTABILITY = YES;
				GCC_C_LANGUAGE_STANDARD = gnu11;
				GCC_DYNAMIC_NO_PIC = NO;
				GCC_NO_COMMON_BLOCKS = YES;
				GCC_OPTIMIZATION_LEVEL = 0;
				GCC_PREPROCESSOR_DEFINITIONS = (
					"DEBUG=1",
					"$(inherited)",
				);
				GCC_WARN_64_TO_32_BIT_CONVERSION = YES;
				GCC_WARN_ABOUT_RETURN_TYPE = YES_ERROR;
				GCC_WARN_UNDECLARED_SELECTOR = YES;
				GCC_WARN_UNINITIALIZED_AUTOS = YES_AGGRESSIVE;
				GCC_WARN_UNUSED_FUNCTION = YES;
				GCC_WARN_UNUSED_VARIABLE = YES;
				IPHONEOS_DEPLOYMENT_TARGET = 14.3;
				MTL_ENABLE_DEBUG_INFO = INCLUDE_SOURCE;
				MTL_FAST_MATH = YES;
				ONLY_ACTIVE_ARCH = YES;
				SDKROOT = iphoneos;
				SWIFT_ACTIVE_COMPILATION_CONDITIONS = DEBUG;
				SWIFT_OPTIMIZATION_LEVEL = "-Onone";
			};
			name = Debug;
		};
		23EB24182614EE9100C96689 /* Release */ = {
			isa = XCBuildConfiguration;
			buildSettings = {
				ALWAYS_SEARCH_USER_PATHS = NO;
				CLANG_ANALYZER_NONNULL = YES;
				CLANG_ANALYZER_NUMBER_OBJECT_CONVERSION = YES_AGGRESSIVE;
				CLANG_CXX_LANGUAGE_STANDARD = "gnu++14";
				CLANG_CXX_LIBRARY = "libc++";
				CLANG_ENABLE_MODULES = YES;
				CLANG_ENABLE_OBJC_ARC = YES;
				CLANG_ENABLE_OBJC_WEAK = YES;
				CLANG_WARN_BLOCK_CAPTURE_AUTORELEASING = YES;
				CLANG_WARN_BOOL_CONVERSION = YES;
				CLANG_WARN_COMMA = YES;
				CLANG_WARN_CONSTANT_CONVERSION = YES;
				CLANG_WARN_DEPRECATED_OBJC_IMPLEMENTATIONS = YES;
				CLANG_WARN_DIRECT_OBJC_ISA_USAGE = YES_ERROR;
				CLANG_WARN_DOCUMENTATION_COMMENTS = YES;
				CLANG_WARN_EMPTY_BODY = YES;
				CLANG_WARN_ENUM_CONVERSION = YES;
				CLANG_WARN_INFINITE_RECURSION = YES;
				CLANG_WARN_INT_CONVERSION = YES;
				CLANG_WARN_NON_LITERAL_NULL_CONVERSION = YES;
				CLANG_WARN_OBJC_IMPLICIT_RETAIN_SELF = YES;
				CLANG_WARN_OBJC_LITERAL_CONVERSION = YES;
				CLANG_WARN_OBJC_ROOT_CLASS = YES_ERROR;
				CLANG_WARN_QUOTED_INCLUDE_IN_FRAMEWORK_HEADER = YES;
				CLANG_WARN_RANGE_LOOP_ANALYSIS = YES;
				CLANG_WARN_STRICT_PROTOTYPES = YES;
				CLANG_WARN_SUSPICIOUS_MOVE = YES;
				CLANG_WARN_UNGUARDED_AVAILABILITY = YES_AGGRESSIVE;
				CLANG_WARN_UNREACHABLE_CODE = YES;
				CLANG_WARN__DUPLICATE_METHOD_MATCH = YES;
				COPY_PHASE_STRIP = NO;
				DEBUG_INFORMATION_FORMAT = "dwarf-with-dsym";
				ENABLE_NS_ASSERTIONS = NO;
				ENABLE_STRICT_OBJC_MSGSEND = YES;
				GCC_C_LANGUAGE_STANDARD = gnu11;
				GCC_NO_COMMON_BLOCKS = YES;
				GCC_WARN_64_TO_32_BIT_CONVERSION = YES;
				GCC_WARN_ABOUT_RETURN_TYPE = YES_ERROR;
				GCC_WARN_UNDECLARED_SELECTOR = YES;
				GCC_WARN_UNINITIALIZED_AUTOS = YES_AGGRESSIVE;
				GCC_WARN_UNUSED_FUNCTION = YES;
				GCC_WARN_UNUSED_VARIABLE = YES;
				IPHONEOS_DEPLOYMENT_TARGET = 14.3;
				MTL_ENABLE_DEBUG_INFO = NO;
				MTL_FAST_MATH = YES;
				SDKROOT = iphoneos;
				SWIFT_COMPILATION_MODE = wholemodule;
				SWIFT_OPTIMIZATION_LEVEL = "-O";
				VALIDATE_PRODUCT = YES;
			};
			name = Release;
		};
		23EB241A2614EE9100C96689 /* Debug */ = {
			isa = XCBuildConfiguration;
			buildSettings = {
				ASSETCATALOG_COMPILER_APPICON_NAME = AppIcon;
				ASSETCATALOG_COMPILER_GLOBAL_ACCENT_COLOR_NAME = AccentColor;
				CODE_SIGN_STYLE = Automatic;
				DEVELOPMENT_TEAM = 6VPT479C93;
				INFOPLIST_FILE = PDFScanner/Info.plist;
				LD_RUNPATH_SEARCH_PATHS = (
					"$(inherited)",
					"@executable_path/Frameworks",
				);
				PRODUCT_BUNDLE_IDENTIFIER = com.pf.PDFScanner;
				PRODUCT_NAME = "$(TARGET_NAME)";
				SWIFT_VERSION = 5.0;
				TARGETED_DEVICE_FAMILY = "1,2";
			};
			name = Debug;
		};
		23EB241B2614EE9100C96689 /* Release */ = {
			isa = XCBuildConfiguration;
			buildSettings = {
				ASSETCATALOG_COMPILER_APPICON_NAME = AppIcon;
				ASSETCATALOG_COMPILER_GLOBAL_ACCENT_COLOR_NAME = AccentColor;
				CODE_SIGN_STYLE = Automatic;
				DEVELOPMENT_TEAM = 6VPT479C93;
				INFOPLIST_FILE = PDFScanner/Info.plist;
				LD_RUNPATH_SEARCH_PATHS = (
					"$(inherited)",
					"@executable_path/Frameworks",
				);
				PRODUCT_BUNDLE_IDENTIFIER = com.pf.PDFScanner;
				PRODUCT_NAME = "$(TARGET_NAME)";
				SWIFT_VERSION = 5.0;
				TARGETED_DEVICE_FAMILY = "1,2";
			};
			name = Release;
		};
		23EB241D2614EE9100C96689 /* Debug */ = {
			isa = XCBuildConfiguration;
			buildSettings = {
				ALWAYS_EMBED_SWIFT_STANDARD_LIBRARIES = YES;
				BUNDLE_LOADER = "$(TEST_HOST)";
				CODE_SIGN_STYLE = Automatic;
				DEVELOPMENT_TEAM = 6VPT479C93;
				INFOPLIST_FILE = PDFScannerTests/Info.plist;
				IPHONEOS_DEPLOYMENT_TARGET = 14.3;
				LD_RUNPATH_SEARCH_PATHS = (
					"$(inherited)",
					"@executable_path/Frameworks",
					"@loader_path/Frameworks",
				);
				PRODUCT_BUNDLE_IDENTIFIER = com.pf.PDFScannerTests;
				PRODUCT_NAME = "$(TARGET_NAME)";
				SWIFT_VERSION = 5.0;
				TARGETED_DEVICE_FAMILY = "1,2";
				TEST_HOST = "$(BUILT_PRODUCTS_DIR)/PDFScanner.app/PDFScanner";
			};
			name = Debug;
		};
		23EB241E2614EE9100C96689 /* Release */ = {
			isa = XCBuildConfiguration;
			buildSettings = {
				ALWAYS_EMBED_SWIFT_STANDARD_LIBRARIES = YES;
				BUNDLE_LOADER = "$(TEST_HOST)";
				CODE_SIGN_STYLE = Automatic;
				DEVELOPMENT_TEAM = 6VPT479C93;
				INFOPLIST_FILE = PDFScannerTests/Info.plist;
				IPHONEOS_DEPLOYMENT_TARGET = 14.3;
				LD_RUNPATH_SEARCH_PATHS = (
					"$(inherited)",
					"@executable_path/Frameworks",
					"@loader_path/Frameworks",
				);
				PRODUCT_BUNDLE_IDENTIFIER = com.pf.PDFScannerTests;
				PRODUCT_NAME = "$(TARGET_NAME)";
				SWIFT_VERSION = 5.0;
				TARGETED_DEVICE_FAMILY = "1,2";
				TEST_HOST = "$(BUILT_PRODUCTS_DIR)/PDFScanner.app/PDFScanner";
			};
			name = Release;
		};
		23EB24202614EE9100C96689 /* Debug */ = {
			isa = XCBuildConfiguration;
			buildSettings = {
				ALWAYS_EMBED_SWIFT_STANDARD_LIBRARIES = YES;
				CODE_SIGN_STYLE = Automatic;
				DEVELOPMENT_TEAM = 6VPT479C93;
				INFOPLIST_FILE = PDFScannerUITests/Info.plist;
				LD_RUNPATH_SEARCH_PATHS = (
					"$(inherited)",
					"@executable_path/Frameworks",
					"@loader_path/Frameworks",
				);
				PRODUCT_BUNDLE_IDENTIFIER = com.pf.PDFScannerUITests;
				PRODUCT_NAME = "$(TARGET_NAME)";
				SWIFT_VERSION = 5.0;
				TARGETED_DEVICE_FAMILY = "1,2";
				TEST_TARGET_NAME = PDFScanner;
			};
			name = Debug;
		};
		23EB24212614EE9100C96689 /* Release */ = {
			isa = XCBuildConfiguration;
			buildSettings = {
				ALWAYS_EMBED_SWIFT_STANDARD_LIBRARIES = YES;
				CODE_SIGN_STYLE = Automatic;
				DEVELOPMENT_TEAM = 6VPT479C93;
				INFOPLIST_FILE = PDFScannerUITests/Info.plist;
				LD_RUNPATH_SEARCH_PATHS = (
					"$(inherited)",
					"@executable_path/Frameworks",
					"@loader_path/Frameworks",
				);
				PRODUCT_BUNDLE_IDENTIFIER = com.pf.PDFScannerUITests;
				PRODUCT_NAME = "$(TARGET_NAME)";
				SWIFT_VERSION = 5.0;
				TARGETED_DEVICE_FAMILY = "1,2";
				TEST_TARGET_NAME = PDFScanner;
			};
			name = Release;
		};
/* End XCBuildConfiguration section */

/* Begin XCConfigurationList section */
		23EB23EA2614EE8F00C96689 /* Build configuration list for PBXProject "PDFScanner" */ = {
			isa = XCConfigurationList;
			buildConfigurations = (
				23EB24172614EE9100C96689 /* Debug */,
				23EB24182614EE9100C96689 /* Release */,
			);
			defaultConfigurationIsVisible = 0;
			defaultConfigurationName = Release;
		};
		23EB24192614EE9100C96689 /* Build configuration list for PBXNativeTarget "PDFScanner" */ = {
			isa = XCConfigurationList;
			buildConfigurations = (
				23EB241A2614EE9100C96689 /* Debug */,
				23EB241B2614EE9100C96689 /* Release */,
			);
			defaultConfigurationIsVisible = 0;
			defaultConfigurationName = Release;
		};
		23EB241C2614EE9100C96689 /* Build configuration list for PBXNativeTarget "PDFScannerTests" */ = {
			isa = XCConfigurationList;
			buildConfigurations = (
				23EB241D2614EE9100C96689 /* Debug */,
				23EB241E2614EE9100C96689 /* Release */,
			);
			defaultConfigurationIsVisible = 0;
			defaultConfigurationName = Release;
		};
		23EB241F2614EE9100C96689 /* Build configuration list for PBXNativeTarget "PDFScannerUITests" */ = {
			isa = XCConfigurationList;
			buildConfigurations = (
				23EB24202614EE9100C96689 /* Debug */,
				23EB24212614EE9100C96689 /* Release */,
			);
			defaultConfigurationIsVisible = 0;
			defaultConfigurationName = Release;
		};
/* End XCConfigurationList section */
	};
	rootObject = 23EB23E72614EE8F00C96689 /* Project object */;
}
